{
  "originHash" : "54747ea8ac08af526652e8c6e867b15b8f9181660647e78ce93fca4bae0d6ab7",
  "pins" : [
    {
      "identity" : "loggerfactory",
      "kind" : "remoteSourceControl",
      "location" : "https://github.com/kelvinjjwong/LoggerFactory",
      "state" : {
        "revision" : "11f9948717978ff74bd03c297012ae2c27280d09",
        "version" : "1.2.0"
      }
    },
    {
      "identity" : "shareddevicelib",
      "kind" : "remoteSourceControl",
      "location" : "https://github.com/kelvinjjwong/SharedDeviceLib",
      "state" : {
        "revision" : "0566d80d3095678bed09336ff3109ea3988c2d86",
        "version" : "1.0.3"
      }
    }
  ],
  "version" : 3
}
